
Microsoft Visual Studio Solution File, Format Version 12.00
# Visual Studio Version 16
VisualStudioVersion = 16.0.30717.126
MinimumVisualStudioVersion = 10.0.40219.1
Project("{9A19103F-16F7-4668-BE54-9A1E7A4F7556}") = "STORE", "STORE\STORE.csproj", "{64FCB4BE-3814-43FC-B76D-A7C3248DD3B8}"
EndProject
Project("{9A19103F-16F7-4668-BE54-9A1E7A4F7556}") = "STORE.ENTITY", "STORE.ENTITY\STORE.ENTITY.csproj", "{D13DCE59-64E8-43B4-8791-5DD6F58A0F52}"
EndProject
Project("{9A19103F-16F7-4668-BE54-9A1E7A4F7556}") = "STORE.DATA", "STORE.DATA\STORE.DATA.csproj", "{9716719A-91BB-412E-BB58-3B81C02438F1}"
EndProject
Project("{9A19103F-16F7-4668-BE54-9A1E7A4F7556}") = "STORE.EXCEPTION", "STORE.EXCEPTION\STORE.EXCEPTION.csproj", "{F9621E1D-78F4-4CC4-AE0C-D4E7999AF114}"
EndProject
Project("{FAE04EC0-301F-11D3-BF4B-00C04F79EFBC}") = "STORE.MIDDLEWARE", "STORE.MIDDLEWARE\STORE.MIDDLEWARE.csproj", "{A12B2B0E-A9FE-42FA-A2E8-58D544CDE311}"
EndProject
Global
	GlobalSection(SolutionConfigurationPlatforms) = preSolution
		Debug|Any CPU = Debug|Any CPU
		Release|Any CPU = Release|Any CPU
	EndGlobalSection
	GlobalSection(ProjectConfigurationPlatforms) = postSolution
		{64FCB4BE-3814-43FC-B76D-A7C3248DD3B8}.Debug|Any CPU.ActiveCfg = Debug|Any CPU
		{64FCB4BE-3814-43FC-B76D-A7C3248DD3B8}.Debug|Any CPU.Build.0 = Debug|Any CPU
		{64FCB4BE-3814-43FC-B76D-A7C3248DD3B8}.Release|Any CPU.ActiveCfg = Release|Any CPU
		{64FCB4BE-3814-43FC-B76D-A7C3248DD3B8}.Release|Any CPU.Build.0 = Release|Any CPU
		{D13DCE59-64E8-43B4-8791-5DD6F58A0F52}.Debug|Any CPU.ActiveCfg = Debug|Any CPU
		{D13DCE59-64E8-43B4-8791-5DD6F58A0F52}.Debug|Any CPU.Build.0 = Debug|Any CPU
		{D13DCE59-64E8-43B4-8791-5DD6F58A0F52}.Release|Any CPU.ActiveCfg = Release|Any CPU
		{D13DCE59-64E8-43B4-8791-5DD6F58A0F52}.Release|Any CPU.Build.0 = Release|Any CPU
		{9716719A-91BB-412E-BB58-3B81C02438F1}.Debug|Any CPU.ActiveCfg = Debug|Any CPU
		{9716719A-91BB-412E-BB58-3B81C02438F1}.Debug|Any CPU.Build.0 = Debug|Any CPU
		{9716719A-91BB-412E-BB58-3B81C02438F1}.Release|Any CPU.ActiveCfg = Release|Any CPU
		{9716719A-91BB-412E-BB58-3B81C02438F1}.Release|Any CPU.Build.0 = Release|Any CPU
		{F9621E1D-78F4-4CC4-AE0C-D4E7999AF114}.Debug|Any CPU.ActiveCfg = Debug|Any CPU
		{F9621E1D-78F4-4CC4-AE0C-D4E7999AF114}.Debug|Any CPU.Build.0 = Debug|Any CPU
		{F9621E1D-78F4-4CC4-AE0C-D4E7999AF114}.Release|Any CPU.ActiveCfg = Release|Any CPU
		{F9621E1D-78F4-4CC4-AE0C-D4E7999AF114}.Release|Any CPU.Build.0 = Release|Any CPU
		{A12B2B0E-A9FE-42FA-A2E8-58D544CDE311}.Debug|Any CPU.ActiveCfg = Debug|Any CPU
		{A12B2B0E-A9FE-42FA-A2E8-58D544CDE311}.Debug|Any CPU.Build.0 = Debug|Any CPU
		{A12B2B0E-A9FE-42FA-A2E8-58D544CDE311}.Release|Any CPU.ActiveCfg = Release|Any CPU
		{A12B2B0E-A9FE-42FA-A2E8-58D544CDE311}.Release|Any CPU.Build.0 = Release|Any CPU
	EndGlobalSection
	GlobalSection(SolutionProperties) = preSolution
		HideSolutionNode = FALSE
	EndGlobalSection
	GlobalSection(ExtensibilityGlobals) = postSolution
		SolutionGuid = {B605EB6C-8D50-4CCB-9B3B-50B798398866}
	EndGlobalSection
EndGlobal
